
Microsoft Visual Studio Solution File, Format Version 12.00
# Visual Studio Version 16
VisualStudioVersion = 16.0.31129.286
MinimumVisualStudioVersion = 10.0.40219.1
Project("{FAE04EC0-301F-11D3-BF4B-00C04F79EFBC}") = "OOP_Review", "OOP_Review\OOP_Review.csproj", "{BC1CC3E0-51E6-47DF-9FB2-078A121CEB38}"
EndProject
Global
	GlobalSection(SolutionConfigurationPlatforms) = preSolution
		Debug|Any CPU = Debug|Any CPU
		Release|Any CPU = Release|Any CPU
	EndGlobalSection
	GlobalSection(ProjectConfigurationPlatforms) = postSolution
		{BC1CC3E0-51E6-47DF-9FB2-078A121CEB38}.Debug|Any CPU.ActiveCfg = Debug|Any CPU
		{BC1CC3E0-51E6-47DF-9FB2-078A121CEB38}.Debug|Any CPU.Build.0 = Debug|Any CPU
		{BC1CC3E0-51E6-47DF-9FB2-078A121CEB38}.Release|Any CPU.ActiveCfg = Release|Any CPU
		{BC1CC3E0-51E6-47DF-9FB2-078A121CEB38}.Release|Any CPU.Build.0 = Release|Any CPU
	EndGlobalSection
	GlobalSection(SolutionProperties) = preSolution
		HideSolutionNode = FALSE
	EndGlobalSection
	GlobalSection(ExtensibilityGlobals) = postSolution
		SolutionGuid = {C14937E4-1614-495C-B6C4-81F45FB1F550}
	EndGlobalSection
EndGlobal
